
Microsoft Visual Studio Solution File, Format Version 12.00
# Visual Studio Version 17
VisualStudioVersion = 17.6.33815.320
MinimumVisualStudioVersion = 10.0.40219.1
Project("{FAE04EC0-301F-11D3-BF4B-00C04F79EFBC}") = "ECommerceMain", "ECommerceMain\ECommerceMain.csproj", "{38992826-D222-46DF-9308-FC1BE1146986}"
EndProject
Global
	GlobalSection(SolutionConfigurationPlatforms) = preSolution
		Debug|Any CPU = Debug|Any CPU
		Release|Any CPU = Release|Any CPU
	EndGlobalSection
	GlobalSection(ProjectConfigurationPlatforms) = postSolution
		{38992826-D222-46DF-9308-FC1BE1146986}.Debug|Any CPU.ActiveCfg = Debug|Any CPU
		{38992826-D222-46DF-9308-FC1BE1146986}.Debug|Any CPU.Build.0 = Debug|Any CPU
		{38992826-D222-46DF-9308-FC1BE1146986}.Release|Any CPU.ActiveCfg = Release|Any CPU
		{38992826-D222-46DF-9308-FC1BE1146986}.Release|Any CPU.Build.0 = Release|Any CPU
	EndGlobalSection
	GlobalSection(SolutionProperties) = preSolution
		HideSolutionNode = FALSE
	EndGlobalSection
	GlobalSection(ExtensibilityGlobals) = postSolution
		SolutionGuid = {A95E6F18-E957-4141-8061-01F9DC960CB5}
	EndGlobalSection
EndGlobal
